
Microsoft Visual Studio Solution File, Format Version 12.00
# Visual Studio Version 16
VisualStudioVersion = 16.0.29424.173
MinimumVisualStudioVersion = 15.0.26124.0
Project("{2150E333-8FDC-42A3-9474-1A3956D46DE8}") = "src", "src", "{A287DB24-7FD2-4784-939E-D3F97FE2A175}"
EndProject
Project("{9A19103F-16F7-4668-BE54-9A1E7A4F7556}") = "RB.Core", "src\RB.Core\RB.Core.csproj", "{B18DCB61-9328-4A37-ABB5-F52E804228F5}"
EndProject
Project("{2150E333-8FDC-42A3-9474-1A3956D46DE8}") = "tests", "tests", "{CD60601E-6187-4CD5-B8FD-9EB230DA8093}"
EndProject
Project("{9A19103F-16F7-4668-BE54-9A1E7A4F7556}") = "RB.Tests", "tests\RB.Tests\RB.Tests.csproj", "{BC0C8227-9A73-46BD-9773-0211E96A5AF4}"
EndProject
Project("{FAE04EC0-301F-11D3-BF4B-00C04F79EFBC}") = "RB.Console", "RB.Console\RB.Console.csproj", "{33C2EAB2-F8D9-4C25-89D7-CAB743D0A0ED}"
EndProject
Global
	GlobalSection(SolutionConfigurationPlatforms) = preSolution
		Debug|Any CPU = Debug|Any CPU
		Debug|x64 = Debug|x64
		Debug|x86 = Debug|x86
		Release|Any CPU = Release|Any CPU
		Release|x64 = Release|x64
		Release|x86 = Release|x86
	EndGlobalSection
	GlobalSection(ProjectConfigurationPlatforms) = postSolution
		{B18DCB61-9328-4A37-ABB5-F52E804228F5}.Debug|Any CPU.ActiveCfg = Debug|Any CPU
		{B18DCB61-9328-4A37-ABB5-F52E804228F5}.Debug|Any CPU.Build.0 = Debug|Any CPU
		{B18DCB61-9328-4A37-ABB5-F52E804228F5}.Debug|x64.ActiveCfg = Debug|Any CPU
		{B18DCB61-9328-4A37-ABB5-F52E804228F5}.Debug|x64.Build.0 = Debug|Any CPU
		{B18DCB61-9328-4A37-ABB5-F52E804228F5}.Debug|x86.ActiveCfg = Debug|Any CPU
		{B18DCB61-9328-4A37-ABB5-F52E804228F5}.Debug|x86.Build.0 = Debug|Any CPU
		{B18DCB61-9328-4A37-ABB5-F52E804228F5}.Release|Any CPU.ActiveCfg = Release|Any CPU
		{B18DCB61-9328-4A37-ABB5-F52E804228F5}.Release|Any CPU.Build.0 = Release|Any CPU
		{B18DCB61-9328-4A37-ABB5-F52E804228F5}.Release|x64.ActiveCfg = Release|Any CPU
		{B18DCB61-9328-4A37-ABB5-F52E804228F5}.Release|x64.Build.0 = Release|Any CPU
		{B18DCB61-9328-4A37-ABB5-F52E804228F5}.Release|x86.ActiveCfg = Release|Any CPU
		{B18DCB61-9328-4A37-ABB5-F52E804228F5}.Release|x86.Build.0 = Release|Any CPU
		{BC0C8227-9A73-46BD-9773-0211E96A5AF4}.Debug|Any CPU.ActiveCfg = Debug|Any CPU
		{BC0C8227-9A73-46BD-9773-0211E96A5AF4}.Debug|Any CPU.Build.0 = Debug|Any CPU
		{BC0C8227-9A73-46BD-9773-0211E96A5AF4}.Debug|x64.ActiveCfg = Debug|Any CPU
		{BC0C8227-9A73-46BD-9773-0211E96A5AF4}.Debug|x64.Build.0 = Debug|Any CPU
		{BC0C8227-9A73-46BD-9773-0211E96A5AF4}.Debug|x86.ActiveCfg = Debug|Any CPU
		{BC0C8227-9A73-46BD-9773-0211E96A5AF4}.Debug|x86.Build.0 = Debug|Any CPU
		{BC0C8227-9A73-46BD-9773-0211E96A5AF4}.Release|Any CPU.ActiveCfg = Release|Any CPU
		{BC0C8227-9A73-46BD-9773-0211E96A5AF4}.Release|Any CPU.Build.0 = Release|Any CPU
		{BC0C8227-9A73-46BD-9773-0211E96A5AF4}.Release|x64.ActiveCfg = Release|Any CPU
		{BC0C8227-9A73-46BD-9773-0211E96A5AF4}.Release|x64.Build.0 = Release|Any CPU
		{BC0C8227-9A73-46BD-9773-0211E96A5AF4}.Release|x86.ActiveCfg = Release|Any CPU
		{BC0C8227-9A73-46BD-9773-0211E96A5AF4}.Release|x86.Build.0 = Release|Any CPU
		{33C2EAB2-F8D9-4C25-89D7-CAB743D0A0ED}.Debug|Any CPU.ActiveCfg = Debug|Any CPU
		{33C2EAB2-F8D9-4C25-89D7-CAB743D0A0ED}.Debug|Any CPU.Build.0 = Debug|Any CPU
		{33C2EAB2-F8D9-4C25-89D7-CAB743D0A0ED}.Debug|x64.ActiveCfg = Debug|Any CPU
		{33C2EAB2-F8D9-4C25-89D7-CAB743D0A0ED}.Debug|x64.Build.0 = Debug|Any CPU
		{33C2EAB2-F8D9-4C25-89D7-CAB743D0A0ED}.Debug|x86.ActiveCfg = Debug|Any CPU
		{33C2EAB2-F8D9-4C25-89D7-CAB743D0A0ED}.Debug|x86.Build.0 = Debug|Any CPU
		{33C2EAB2-F8D9-4C25-89D7-CAB743D0A0ED}.Release|Any CPU.ActiveCfg = Release|Any CPU
		{33C2EAB2-F8D9-4C25-89D7-CAB743D0A0ED}.Release|Any CPU.Build.0 = Release|Any CPU
		{33C2EAB2-F8D9-4C25-89D7-CAB743D0A0ED}.Release|x64.ActiveCfg = Release|Any CPU
		{33C2EAB2-F8D9-4C25-89D7-CAB743D0A0ED}.Release|x64.Build.0 = Release|Any CPU
		{33C2EAB2-F8D9-4C25-89D7-CAB743D0A0ED}.Release|x86.ActiveCfg = Release|Any CPU
		{33C2EAB2-F8D9-4C25-89D7-CAB743D0A0ED}.Release|x86.Build.0 = Release|Any CPU
	EndGlobalSection
	GlobalSection(SolutionProperties) = preSolution
		HideSolutionNode = FALSE
	EndGlobalSection
	GlobalSection(NestedProjects) = preSolution
		{B18DCB61-9328-4A37-ABB5-F52E804228F5} = {A287DB24-7FD2-4784-939E-D3F97FE2A175}
		{BC0C8227-9A73-46BD-9773-0211E96A5AF4} = {CD60601E-6187-4CD5-B8FD-9EB230DA8093}
		{33C2EAB2-F8D9-4C25-89D7-CAB743D0A0ED} = {A287DB24-7FD2-4784-939E-D3F97FE2A175}
	EndGlobalSection
	GlobalSection(ExtensibilityGlobals) = postSolution
		SolutionGuid = {240F09EE-E3C9-41C2-8A26-73A2F6A45238}
	EndGlobalSection
EndGlobal
